
Microsoft Visual Studio Solution File, Format Version 12.00
# Visual Studio Version 16
VisualStudioVersion = 16.0.31911.196
MinimumVisualStudioVersion = 10.0.40219.1
Project("{9A19103F-16F7-4668-BE54-9A1E7A4F7556}") = "DreamIsland", "DreamIsland\DreamIsland.csproj", "{772CFCFF-AF72-4746-932E-0C2343DAED74}"
EndProject
Project("{FAE04EC0-301F-11D3-BF4B-00C04F79EFBC}") = "DreamIsland.Tests", "DreamIsland.Tests\DreamIsland.Tests.csproj", "{0EBD66AB-24B1-4367-943F-D77BF83916D4}"
EndProject
Global
	GlobalSection(SolutionConfigurationPlatforms) = preSolution
		Debug|Any CPU = Debug|Any CPU
		Release|Any CPU = Release|Any CPU
	EndGlobalSection
	GlobalSection(ProjectConfigurationPlatforms) = postSolution
		{772CFCFF-AF72-4746-932E-0C2343DAED74}.Debug|Any CPU.ActiveCfg = Debug|Any CPU
		{772CFCFF-AF72-4746-932E-0C2343DAED74}.Debug|Any CPU.Build.0 = Debug|Any CPU
		{772CFCFF-AF72-4746-932E-0C2343DAED74}.Release|Any CPU.ActiveCfg = Release|Any CPU
		{772CFCFF-AF72-4746-932E-0C2343DAED74}.Release|Any CPU.Build.0 = Release|Any CPU
		{0EBD66AB-24B1-4367-943F-D77BF83916D4}.Debug|Any CPU.ActiveCfg = Debug|Any CPU
		{0EBD66AB-24B1-4367-943F-D77BF83916D4}.Debug|Any CPU.Build.0 = Debug|Any CPU
		{0EBD66AB-24B1-4367-943F-D77BF83916D4}.Release|Any CPU.ActiveCfg = Release|Any CPU
		{0EBD66AB-24B1-4367-943F-D77BF83916D4}.Release|Any CPU.Build.0 = Release|Any CPU
	EndGlobalSection
	GlobalSection(SolutionProperties) = preSolution
		HideSolutionNode = FALSE
	EndGlobalSection
	GlobalSection(ExtensibilityGlobals) = postSolution
		SolutionGuid = {345EE7A2-44F2-4A0E-BA66-FF8C108B0B9F}
	EndGlobalSection
EndGlobal
